
Microsoft Visual Studio Solution File, Format Version 12.00
# Visual Studio 14
VisualStudioVersion = 14.0.25420.1
MinimumVisualStudioVersion = 10.0.40219.1
Project("{FAE04EC0-301F-11D3-BF4B-00C04F79EFBC}") = "SiiTaxi", "SiiTaxi\SiiTaxi.csproj", "{0740497F-ACDD-4468-A049-D4230765C07C}"
EndProject
Project("{FAE04EC0-301F-11D3-BF4B-00C04F79EFBC}") = "SiiTaxi.Tests", "SiiTaxi.Tests\SiiTaxi.Tests.csproj", "{240E130B-FDD8-46D7-85F9-4531B61243AF}"
EndProject
Global
	GlobalSection(SolutionConfigurationPlatforms) = preSolution
		Debug|Any CPU = Debug|Any CPU
		Release|Any CPU = Release|Any CPU
	EndGlobalSection
	GlobalSection(ProjectConfigurationPlatforms) = postSolution
		{0740497F-ACDD-4468-A049-D4230765C07C}.Debug|Any CPU.ActiveCfg = Debug|Any CPU
		{0740497F-ACDD-4468-A049-D4230765C07C}.Debug|Any CPU.Build.0 = Debug|Any CPU
		{0740497F-ACDD-4468-A049-D4230765C07C}.Release|Any CPU.ActiveCfg = Release|Any CPU
		{0740497F-ACDD-4468-A049-D4230765C07C}.Release|Any CPU.Build.0 = Release|Any CPU
		{240E130B-FDD8-46D7-85F9-4531B61243AF}.Debug|Any CPU.ActiveCfg = Debug|Any CPU
		{240E130B-FDD8-46D7-85F9-4531B61243AF}.Debug|Any CPU.Build.0 = Debug|Any CPU
		{240E130B-FDD8-46D7-85F9-4531B61243AF}.Release|Any CPU.ActiveCfg = Release|Any CPU
		{240E130B-FDD8-46D7-85F9-4531B61243AF}.Release|Any CPU.Build.0 = Release|Any CPU
	EndGlobalSection
	GlobalSection(SolutionProperties) = preSolution
		HideSolutionNode = FALSE
	EndGlobalSection
EndGlobal
